colors:
  background: "none"

  dial: "#none"
  dial_frame: "none"

  date_background: "#000000"
  date: "#FFFFFF"
  date_font: Courier New

  hour_mark: "#000000"
  minute_mark: "#000000"

  second_hand: "#FF0000"
  hour_hand: "#000000"
  minute_hand: "#000000"
  middle_dot: "#000000"

window:
  animate: float
  frameless: true
  always_on_top: true
  tool: true
  x: 20
  y: 20
  width: 200
  height: 200
